
Microsoft Visual Studio Solution File, Format Version 12.00
# Visual Studio Version 16
VisualStudioVersion = 16.0.29905.134
MinimumVisualStudioVersion = 10.0.40219.1
Project("{9A19103F-16F7-4668-BE54-9A1E7A4F7556}") = "MarcosYPatrones.CommandKata", "MarcosYPatrones.CommandKata\MarcosYPatrones.CommandKata.csproj", "{C331168C-D579-4326-90A4-0CF1E4AD5EEA}"
EndProject
Project("{FAE04EC0-301F-11D3-BF4B-00C04F79EFBC}") = "MarcosYPatrones.CommandKata.Tests", "MarcosYPatrones.CommandKata.Tests\MarcosYPatrones.CommandKata.Tests.csproj", "{139B6486-1C9C-409E-9F9A-9992862962D9}"
EndProject
Global
	GlobalSection(SolutionConfigurationPlatforms) = preSolution
		Debug|Any CPU = Debug|Any CPU
		Release|Any CPU = Release|Any CPU
	EndGlobalSection
	GlobalSection(ProjectConfigurationPlatforms) = postSolution
		{C331168C-D579-4326-90A4-0CF1E4AD5EEA}.Debug|Any CPU.ActiveCfg = Debug|Any CPU
		{C331168C-D579-4326-90A4-0CF1E4AD5EEA}.Debug|Any CPU.Build.0 = Debug|Any CPU
		{C331168C-D579-4326-90A4-0CF1E4AD5EEA}.Release|Any CPU.ActiveCfg = Release|Any CPU
		{C331168C-D579-4326-90A4-0CF1E4AD5EEA}.Release|Any CPU.Build.0 = Release|Any CPU
		{139B6486-1C9C-409E-9F9A-9992862962D9}.Debug|Any CPU.ActiveCfg = Debug|Any CPU
		{139B6486-1C9C-409E-9F9A-9992862962D9}.Debug|Any CPU.Build.0 = Debug|Any CPU
		{139B6486-1C9C-409E-9F9A-9992862962D9}.Release|Any CPU.ActiveCfg = Release|Any CPU
		{139B6486-1C9C-409E-9F9A-9992862962D9}.Release|Any CPU.Build.0 = Release|Any CPU
	EndGlobalSection
	GlobalSection(SolutionProperties) = preSolution
		HideSolutionNode = FALSE
	EndGlobalSection
	GlobalSection(ExtensibilityGlobals) = postSolution
		SolutionGuid = {FDE6A3AA-15D7-4CBD-AB72-9A1221F6D247}
	EndGlobalSection
EndGlobal
